{
    "version": 3,
    "terraform_version": "0.11.11",
    "serial": 8,
    "lineage": "390fdd53-b886-252e-1eed-52f69e0076ff",
    "modules": [
        {
            "path": [
                "root"
            ],
            "outputs": {},
            "resources": {
                "alicloud_cs_managed_kubernetes.k8s": {
                    "type": "alicloud_cs_managed_kubernetes",
                    "depends_on": [
                        "data.alicloud_instance_types.default"
                    ],
                    "primary": {
                        "id": "c9eb61bb6e1ed4953a80284fad8429eb1",
                        "attributes": {
                            "availability_zone": "eu-central-1a",
                            "id": "c9eb61bb6e1ed4953a80284fad8429eb1",
                            "image_id": "centos_7_04_64_20G_alibase_201701015.vhd",
                            "install_cloud_monitor": "true",
                            "key_name": "",
                            "name": "test-cluster",
                            "name_prefix": "Terraform-Creation",
                            "new_nat_gateway": "true",
                            "password": "Yourpassword1234",
                            "pod_cidr": "172.20.0.0/16",
                            "security_group_id": "sg-gw82tudyglknijlfs40l",
                            "service_cidr": "172.21.0.0/20",
                            "slb_internet_enabled": "true",
                            "vpc_id": "vpc-gw8rwbv2vohsn02lvybpp",
                            "vswitch_ids.#": "1",
                            "vswitch_ids.0": "",
                            "worker_disk_category": "cloud_efficiency",
                            "worker_disk_size": "40",
                            "worker_instance_charge_type": "PostPaid",
                            "worker_instance_types.#": "1",
                            "worker_instance_types.0": "",
                            "worker_nodes.#": "2",
                            "worker_nodes.0.id": "i-gw82tudyglknijlo1njv",
                            "worker_nodes.0.name": "worker-k8s-for-cs-c9eb61bb6e1ed4953a80284fad8429eb1",
                            "worker_nodes.0.private_ip": "192.168.1.176",
                            "worker_nodes.1.id": "i-gw82tudyglknijlo1nju",
                            "worker_nodes.1.name": "worker-k8s-for-cs-c9eb61bb6e1ed4953a80284fad8429eb1",
                            "worker_nodes.1.private_ip": "192.168.1.177",
                            "worker_numbers.#": "1",
                            "worker_numbers.0": "2"
                        },
                        "meta": {},
                        "tainted": false
                    },
                    "deposed": [],
                    "provider": "provider.alicloud"
                },
                "data.alicloud_instance_types.default": {
                    "type": "alicloud_instance_types",
                    "depends_on": [],
                    "primary": {
                        "id": "2688208420",
                        "attributes": {
                            "availability_zone": "eu-central-1a",
                            "cpu_core_count": "1",
                            "id": "2688208420",
                            "ids.#": "2",
                            "ids.0": "ecs.n4.small",
                            "ids.1": "ecs.t5-lc1m2.small",
                            "instance_charge_type": "PostPaid",
                            "instance_types.#": "2",
                            "instance_types.0.availability_zones.#": "1",
                            "instance_types.0.availability_zones.0": "eu-central-1a",
                            "instance_types.0.burstable_instance.%": "2",
                            "instance_types.0.burstable_instance.baseline_credit": "0",
                            "instance_types.0.burstable_instance.initial_credit": "0",
                            "instance_types.0.cpu_core_count": "1",
                            "instance_types.0.eni_amount": "1",
                            "instance_types.0.family": "ecs.n4",
                            "instance_types.0.gpu.%": "2",
                            "instance_types.0.gpu.amount": "0",
                            "instance_types.0.gpu.category": "",
                            "instance_types.0.id": "ecs.n4.small",
                            "instance_types.0.local_storage.%": "3",
                            "instance_types.0.local_storage.amount": "0",
                            "instance_types.0.local_storage.capacity": "0",
                            "instance_types.0.local_storage.category": "",
                            "instance_types.0.memory_size": "2",
                            "instance_types.1.availability_zones.#": "1",
                            "instance_types.1.availability_zones.0": "eu-central-1a",
                            "instance_types.1.burstable_instance.%": "2",
                            "instance_types.1.burstable_instance.baseline_credit": "10",
                            "instance_types.1.burstable_instance.initial_credit": "90",
                            "instance_types.1.cpu_core_count": "1",
                            "instance_types.1.eni_amount": "1",
                            "instance_types.1.family": "ecs.t5",
                            "instance_types.1.gpu.%": "2",
                            "instance_types.1.gpu.amount": "0",
                            "instance_types.1.gpu.category": "",
                            "instance_types.1.id": "ecs.t5-lc1m2.small",
                            "instance_types.1.local_storage.%": "3",
                            "instance_types.1.local_storage.amount": "0",
                            "instance_types.1.local_storage.capacity": "0",
                            "instance_types.1.local_storage.category": "",
                            "instance_types.1.memory_size": "2",
                            "memory_size": "2",
                            "spot_strategy": "NoSpot"
                        },
                        "meta": {},
                        "tainted": false
                    },
                    "deposed": [],
                    "provider": "provider.alicloud"
                }
            },
            "depends_on": []
        }
    ]
}
