{
    "version": 3,
    "terraform_version": "0.11.11",
    "serial": 5,
    "lineage": "b09811ea-7a2f-10fe-997b-12dc363bd90d",
    "modules": [
        {
            "path": [
                "root"
            ],
            "outputs": {},
            "resources": {
                "google_container_cluster.kitc-cluster": {
                    "type": "google_container_cluster",
                    "depends_on": [],
                    "primary": {
                        "id": "kitc-cluster",
                        "attributes": {
                            "additional_zones.#": "2",
                            "additional_zones.327357623": "europe-west3-a",
                            "additional_zones.950945652": "europe-west3-b",
                            "addons_config.#": "1",
                            "addons_config.0.horizontal_pod_autoscaling.#": "0",
                            "addons_config.0.http_load_balancing.#": "0",
                            "addons_config.0.kubernetes_dashboard.#": "1",
                            "addons_config.0.kubernetes_dashboard.0.disabled": "true",
                            "addons_config.0.network_policy_config.#": "1",
                            "addons_config.0.network_policy_config.0.disabled": "true",
                            "cluster_autoscaling.#": "0",
                            "cluster_ipv4_cidr": "10.24.0.0/14",
                            "description": "",
                            "enable_kubernetes_alpha": "false",
                            "enable_legacy_abac": "false",
                            "endpoint": "35.198.149.14",
                            "id": "kitc-cluster",
                            "initial_node_count": "1",
                            "instance_group_urls.#": "0",
                            "ip_allocation_policy.#": "0",
                            "location": "europe-west3",
                            "logging_service": "logging.googleapis.com",
                            "maintenance_policy.#": "0",
                            "master_auth.#": "1",
                            "master_auth.0.client_certificate": "",
                            "master_auth.0.client_certificate_config.#": "1",
                            "master_auth.0.client_certificate_config.0.issue_client_certificate": "false",
                            "master_auth.0.client_key": "",
                            "master_auth.0.cluster_ca_certificate": "LS0tLS1CRUdJTiBDRVJUSUZJQ0FURS0tLS0tCk1JSURERENDQWZTZ0F3SUJBZ0lSQVBIaDlTbTN0djlhVkw2NGdzV01ycWN3RFFZSktvWklodmNOQVFFTEJRQXcKTHpFdE1Dc0dBMVVFQXhNa01qQXlOMlEyT1dJdE5HWTROaTAwWmpjNUxXRmhabU10TkRRMk1tUXdaV1EwTkRsawpNQjRYRFRFNU1EWXdNakE0TXpjeU4xb1hEVEkwTURVek1UQTVNemN5TjFvd0x6RXRNQ3NHQTFVRUF4TWtNakF5Ck4yUTJPV0l0TkdZNE5pMDBaamM1TFdGaFptTXRORFEyTW1Rd1pXUTBORGxrTUlJQklqQU5CZ2txaGtpRzl3MEIKQVFFRkFBT0NBUThBTUlJQkNnS0NBUUVBdDk3aFJFQ3lCN2NNUlp5eW9KL08xT3RIVmJadjh3Njh3Z1d1eHJzcwozU3NhZGNsK0YvZWZOdTV2QXByc0NEbWF6S2Y0R1RhWEMzVjJhbEphcTRzVTRrOEswcnVOdExkdldBWEozMFhHCmVMSTlTZ1E2eU9TYlcvdzdZU3pteXJBRzlWb3hSWnZpamE3a2s0Y2gzSENHM3hXQXZ2V0pUVHJvTlpCYitTOGUKQWZ0Nis5MjQ2UlNoVzl6bmFJamxOQ3VxYWJuOE0vYVVLemVHcnVzT3RVcXdDdzFFRzRDdlNkOTNkNWdZWDlCeAoyVG1kNnhUMUpBOXFNL1VGdEIyRXVOc1VlVEhyVFR4RG1Ub0VQa1BNS0pkb2hGTDlHUTVxbTZwKzM1dTZNek9GCnZhZ04xWGk1WUE5by9uajBSMndmenlBNnBJTGtoczhWclZCMlZOTDF6a1k4MFFJREFRQUJveU13SVRBT0JnTlYKSFE4QkFmOEVCQU1DQWdRd0R3WURWUjBUQVFIL0JBVXdBd0VCL3pBTkJna3Foa2lHOXcwQkFRc0ZBQU9DQVFFQQphUEZleHFVRGFITzhmcDlkNm9pbElwS04rYmR3SUJENFhuaWZKNUt2dHZsWEhHQkF0R003S29zRmtjTkFyUzk1ClBaSnlheUhPUjk2MFIyejRxSFNnQUdROVJDdDhDZXJic0V0MW9kVVZraW5TOXVpQ1pkMkJHM2dKMmREdXp0K0wKRkt4VVRBTVRrcERScFE4WUJlV2c2aXU4ZG1HeUlPWDZyMFdXNFZ4aHdyRUZDblFmL3ZsSTNES1JXeHRrbFppQQpFc3ZVbFlicHEyVkNLT3Z3cmQxbXI3SXlWMlpMTEZEZUdJOW02TlFOeGJqT25QY1czS1hLWGpJeC9VYzJnR3NOCmd3QXpWbXRSSTRZV0J2bzdsQmZVZTdQeWN2UlFkLzRTam05YWJYREN4RGx3OW5CS3p2TktESjZOYWJqelgySksKR1F6NHhEdHh2Rko1VUF2VCtSYVZqUT09Ci0tLS0tRU5EIENFUlRJRklDQVRFLS0tLS0K",
                            "master_auth.0.password": "",
                            "master_auth.0.username": "",
                            "master_authorized_networks_config.#": "0",
                            "master_version": "1.12.7-gke.10",
                            "monitoring_service": "monitoring.googleapis.com",
                            "name": "kitc-cluster",
                            "network": "projects/om-front-end/global/networks/gc-om-fe-lan",
                            "network_policy.#": "1",
                            "network_policy.0.enabled": "false",
                            "network_policy.0.provider": "PROVIDER_UNSPECIFIED",
                            "node_config.#": "0",
                            "node_locations.#": "2",
                            "node_locations.327357623": "europe-west3-a",
                            "node_locations.950945652": "europe-west3-b",
                            "node_pool.#": "0",
                            "node_version": "1.12.7-gke.10",
                            "private_cluster_config.#": "0",
                            "project": "om-front-end",
                            "region": "europe-west3",
                            "remove_default_node_pool": "true",
                            "resource_labels.%": "0",
                            "subnetwork": "projects/om-front-end/regions/europe-west3/subnetworks/gc-om-fe-lan"
                        },
                        "meta": {
                            "e2bfb730-ecaa-11e6-8f88-34363bc7c4c0": {
                                "create": 1800000000000,
                                "delete": 1800000000000,
                                "update": 1800000000000
                            },
                            "schema_version": "1"
                        },
                        "tainted": false
                    },
                    "deposed": [],
                    "provider": "provider.google"
                },
                "google_container_node_pool.kitc-np": {
                    "type": "google_container_node_pool",
                    "depends_on": [
                        "google_container_cluster.kitc-cluster"
                    ],
                    "primary": {
                        "id": "europe-west3/kitc-cluster/kitc-node-pool",
                        "attributes": {
                            "autoscaling.#": "1",
                            "autoscaling.0.max_node_count": "3",
                            "autoscaling.0.min_node_count": "1",
                            "cluster": "kitc-cluster",
                            "id": "europe-west3/kitc-cluster/kitc-node-pool",
                            "initial_node_count": "1",
                            "instance_group_urls.#": "2",
                            "instance_group_urls.0": "https://www.googleapis.com/compute/v1/projects/om-front-end/zones/europe-west3-a/instanceGroupManagers/gke-kitc-cluster-kitc-node-pool-0afacc48-grp",
                            "instance_group_urls.1": "https://www.googleapis.com/compute/v1/projects/om-front-end/zones/europe-west3-b/instanceGroupManagers/gke-kitc-cluster-kitc-node-pool-6ef94d23-grp",
                            "location": "europe-west3",
                            "management.#": "1",
                            "management.0.auto_repair": "false",
                            "management.0.auto_upgrade": "false",
                            "name": "kitc-node-pool",
                            "name_prefix": "",
                            "node_config.#": "1",
                            "node_config.0.disk_size_gb": "10",
                            "node_config.0.disk_type": "pd-ssd",
                            "node_config.0.guest_accelerator.#": "0",
                            "node_config.0.image_type": "COS",
                            "node_config.0.labels.%": "1",
                            "node_config.0.labels.type": "kitc",
                            "node_config.0.local_ssd_count": "0",
                            "node_config.0.machine_type": "n1-standard-2",
                            "node_config.0.metadata.%": "1",
                            "node_config.0.metadata.disable-legacy-endpoints": "true",
                            "node_config.0.min_cpu_platform": "",
                            "node_config.0.oauth_scopes.#": "4",
                            "node_config.0.oauth_scopes.1277378754": "https://www.googleapis.com/auth/monitoring",
                            "node_config.0.oauth_scopes.1632638332": "https://www.googleapis.com/auth/devstorage.read_only",
                            "node_config.0.oauth_scopes.172152165": "https://www.googleapis.com/auth/logging.write",
                            "node_config.0.oauth_scopes.299962681": "https://www.googleapis.com/auth/compute",
                            "node_config.0.preemptible": "false",
                            "node_config.0.service_account": "default",
                            "node_config.0.tags.#": "0",
                            "node_config.0.taint.#": "0",
                            "node_config.0.workload_metadata_config.#": "0",
                            "node_count": "1",
                            "project": "om-front-end",
                            "region": "europe-west3",
                            "version": "1.12.7-gke.10"
                        },
                        "meta": {
                            "e2bfb730-ecaa-11e6-8f88-34363bc7c4c0": {
                                "create": 1800000000000,
                                "delete": 600000000000,
                                "update": 600000000000
                            },
                            "schema_version": "1"
                        },
                        "tainted": false
                    },
                    "deposed": [],
                    "provider": "provider.google"
                }
            },
            "depends_on": []
        }
    ]
}
