{
    "version": 3,
    "terraform_version": "0.11.11",
    "serial": 1,
    "lineage": "b09811ea-7a2f-10fe-997b-12dc363bd90d",
    "modules": [
        {
            "path": [
                "root"
            ],
            "outputs": {},
            "resources": {
                "google_container_cluster.omfe2-cluster": {
                    "type": "google_container_cluster",
                    "depends_on": [],
                    "primary": {
                        "id": "kitc-cluster",
                        "attributes": {
                            "additional_zones.#": "2",
                            "additional_zones.327357623": "europe-west3-a",
                            "additional_zones.950945652": "europe-west3-b",
                            "addons_config.#": "1",
                            "addons_config.0.horizontal_pod_autoscaling.#": "0",
                            "addons_config.0.http_load_balancing.#": "0",
                            "addons_config.0.kubernetes_dashboard.#": "1",
                            "addons_config.0.kubernetes_dashboard.0.disabled": "true",
                            "addons_config.0.network_policy_config.#": "1",
                            "addons_config.0.network_policy_config.0.disabled": "true",
                            "cluster_autoscaling.#": "0",
                            "cluster_ipv4_cidr": "10.24.0.0/14",
                            "description": "",
                            "enable_kubernetes_alpha": "false",
                            "enable_legacy_abac": "false",
                            "endpoint": "35.198.141.227",
                            "id": "kitc-cluster",
                            "initial_node_count": "1",
                            "instance_group_urls.#": "0",
                            "ip_allocation_policy.#": "0",
                            "location": "europe-west3",
                            "logging_service": "logging.googleapis.com",
                            "maintenance_policy.#": "0",
                            "master_auth.#": "1",
                            "master_auth.0.client_certificate": "",
                            "master_auth.0.client_certificate_config.#": "1",
                            "master_auth.0.client_certificate_config.0.issue_client_certificate": "false",
                            "master_auth.0.client_key": "",
                            "master_auth.0.cluster_ca_certificate": "LS0tLS1CRUdJTiBDRVJUSUZJQ0FURS0tLS0tCk1JSURDekNDQWZPZ0F3SUJBZ0lRWG5qRWg4R1dUbEpKbGF0eGRJRDQ1ekFOQmdrcWhraUc5dzBCQVFzRkFEQXYKTVMwd0t3WURWUVFERXlReU5HWXhNRGxrWkMwNU5HSTVMVFJsTUdRdFlqZzNOaTAyWW1VNE5qYzNZV0l3WWpJdwpIaGNOTVRrd05qQXhNRGN3TXpBd1doY05NalF3TlRNd01EZ3dNekF3V2pBdk1TMHdLd1lEVlFRREV5UXlOR1l4Ck1EbGtaQzA1TkdJNUxUUmxNR1F0WWpnM05pMDJZbVU0TmpjM1lXSXdZakl3Z2dFaU1BMEdDU3FHU0liM0RRRUIKQVFVQUE0SUJEd0F3Z2dFS0FvSUJBUUNwWUtJcVE0MVJWY1ZpaTl6RDNRcEJ0WDFDZ3o2aVVxTXF1dmY0YTQ0VApoWUNvZWtMcjM5TWgxeXFqRW1TTUVjTjI5NzByakhCZStuQ3hrZnVxVk9mTDF5WUhDaFNvUUJrSTVpTUM4cllkCi8zdlJzcnc1VmRGeWtQVWMyYTA3YW4xVDlxbGlSaVNQSlVXT3BrMGJUZmxKTmlJOXNzV08rMDdOS0lKT2V3ZFEKWkVYUEdhYUxxNVR1UFo5MWVaZTN3MGZlcTFxQXJQeSt1djlBMzBEdGhLQ1M2ME1wQjNIMHRBM3pJYzdXOFc2bgpWRjdRa2xqZ2hLNWFzYytmYTJxbGxEbUxmZG1IM1U0Z2picnNCalExUi8xZmhrS0o5NC9udEtFMHhIaFJneUQ4CnNZaEpwYldKK1RLVnBScURNM0NlWWxBeDNGTS9hZ2dMM1pZYmpCRnlDeHJ6QWdNQkFBR2pJekFoTUE0R0ExVWQKRHdFQi93UUVBd0lDQkRBUEJnTlZIUk1CQWY4RUJUQURBUUgvTUEwR0NTcUdTSWIzRFFFQkN3VUFBNElCQVFDZwptZ1JSQmpoLzg5bDNBcFRNYnFXbkNQSkRvYlVTb21Id1ZXTkdDV0IrREJTRVdscTByamlLd0dxK0FtRVFzbE9vCkdTMGdnVUQ5VHVhbTBsanJObWJxOHl0cTlxS3pSblE2bVZ4NFg0bTRvSHcza1cvRkpqV3hudktFZ2V6QllLN0kKVVdjb0t3VHk5Y3RBb2x1cUlpYlp6cWx6RmZEM2ZGRWxoZlBiNHVFczlBUjV5d2pQejNqRzJ0UzBMU0JFOHZIVgpxZzRxQjE0TWQrV3ZNcFNidk9UMEtRL1loNi92dHdmOWltbWcrV0dxUHZDQ2QvbHczRU8zMjJvcHIwUmxTRCtJCkVLelhDOGNUV2dYa0tSNFp6SXI4SVFBL00rejVNa0J2a3JKdWpLVlh1WEgrNHRRZmcvU2ovdGcyMXZIM2l1VGQKN1N5Ri8vbmpaYUlGazNrKzhCUkEKLS0tLS1FTkQgQ0VSVElGSUNBVEUtLS0tLQo=",
                            "master_auth.0.password": "",
                            "master_auth.0.username": "",
                            "master_authorized_networks_config.#": "0",
                            "master_version": "1.12.7-gke.10",
                            "monitoring_service": "monitoring.googleapis.com",
                            "name": "kitc-cluster",
                            "network": "projects/om-front-end/global/networks/gc-om-fe-lan",
                            "network_policy.#": "1",
                            "network_policy.0.enabled": "false",
                            "network_policy.0.provider": "PROVIDER_UNSPECIFIED",
                            "node_config.#": "0",
                            "node_locations.#": "2",
                            "node_locations.327357623": "europe-west3-a",
                            "node_locations.950945652": "europe-west3-b",
                            "node_pool.#": "0",
                            "node_version": "1.12.7-gke.10",
                            "private_cluster_config.#": "0",
                            "project": "om-front-end",
                            "region": "europe-west3",
                            "remove_default_node_pool": "true",
                            "resource_labels.%": "0",
                            "subnetwork": "projects/om-front-end/regions/europe-west3/subnetworks/gc-om-fe-lan"
                        },
                        "meta": {
                            "e2bfb730-ecaa-11e6-8f88-34363bc7c4c0": {
                                "create": 1800000000000,
                                "delete": 1800000000000,
                                "update": 1800000000000
                            },
                            "schema_version": "1"
                        },
                        "tainted": false
                    },
                    "deposed": [],
                    "provider": "provider.google"
                },
                "google_container_node_pool.omfe2-np": {
                    "type": "google_container_node_pool",
                    "depends_on": [
                        "google_container_cluster.omfe2-cluster"
                    ],
                    "primary": {
                        "id": "europe-west3/kitc-cluster/omfe2-node-pool",
                        "attributes": {
                            "autoscaling.#": "1",
                            "autoscaling.0.max_node_count": "3",
                            "autoscaling.0.min_node_count": "1",
                            "cluster": "kitc-cluster",
                            "id": "europe-west3/kitc-cluster/omfe2-node-pool",
                            "initial_node_count": "1",
                            "instance_group_urls.#": "2",
                            "instance_group_urls.0": "https://www.googleapis.com/compute/v1/projects/om-front-end/zones/europe-west3-a/instanceGroupManagers/gke-kitc-cluster-omfe2-node-pool-caf056b3-grp",
                            "instance_group_urls.1": "https://www.googleapis.com/compute/v1/projects/om-front-end/zones/europe-west3-b/instanceGroupManagers/gke-kitc-cluster-omfe2-node-pool-f37cf595-grp",
                            "location": "europe-west3",
                            "management.#": "1",
                            "management.0.auto_repair": "false",
                            "management.0.auto_upgrade": "false",
                            "name": "omfe2-node-pool",
                            "name_prefix": "",
                            "node_config.#": "1",
                            "node_config.0.disk_size_gb": "10",
                            "node_config.0.disk_type": "pd-ssd",
                            "node_config.0.guest_accelerator.#": "0",
                            "node_config.0.image_type": "COS",
                            "node_config.0.labels.%": "1",
                            "node_config.0.labels.type": "kitc",
                            "node_config.0.local_ssd_count": "0",
                            "node_config.0.machine_type": "f1-micro",
                            "node_config.0.metadata.%": "1",
                            "node_config.0.metadata.disable-legacy-endpoints": "true",
                            "node_config.0.min_cpu_platform": "",
                            "node_config.0.oauth_scopes.#": "4",
                            "node_config.0.oauth_scopes.1277378754": "https://www.googleapis.com/auth/monitoring",
                            "node_config.0.oauth_scopes.1632638332": "https://www.googleapis.com/auth/devstorage.read_only",
                            "node_config.0.oauth_scopes.172152165": "https://www.googleapis.com/auth/logging.write",
                            "node_config.0.oauth_scopes.299962681": "https://www.googleapis.com/auth/compute",
                            "node_config.0.preemptible": "false",
                            "node_config.0.service_account": "default",
                            "node_config.0.tags.#": "0",
                            "node_config.0.taint.#": "0",
                            "node_config.0.workload_metadata_config.#": "0",
                            "node_count": "1",
                            "project": "om-front-end",
                            "region": "europe-west3",
                            "version": "1.12.7-gke.10"
                        },
                        "meta": {
                            "e2bfb730-ecaa-11e6-8f88-34363bc7c4c0": {
                                "create": 1800000000000,
                                "delete": 600000000000,
                                "update": 600000000000
                            },
                            "schema_version": "1"
                        },
                        "tainted": false
                    },
                    "deposed": [],
                    "provider": "provider.google"
                }
            },
            "depends_on": []
        }
    ]
}
